// !$*UTF8*$!
{
	archiveVersion = 1;
	classes = {
	};
	objectVersion = 56;
	objects = {

/* Begin PBXBuildFile section */
		2072837A151FD05FD8409099 /* Pods_LuminaView.framework in Frameworks */ = {isa = PBXBuildFile; fileRef = 9AA3194F4A8B068078E546D6 /* Pods_LuminaView.framework */; };
		3B1A49C92C5CD501000E21B0 /* Localizable.xcstrings in Resources */ = {isa = PBXBuildFile; fileRef = 3B1A49C82C5CD501000E21B0 /* Localizable.xcstrings */; };
		3B1EB4292C4532C2001A0F0A /* RxCocoa in Frameworks */ = {isa = PBXBuildFile; productRef = 3B1EB4282C4532C2001A0F0A /* RxCocoa */; };
		3B1EB42B2C4532C2001A0F0A /* RxSwift in Frameworks */ = {isa = PBXBuildFile; productRef = 3B1EB42A2C4532C2001A0F0A /* RxSwift */; };
		3B1EB42E2C4539BD001A0F0A /* GoogleGenerativeAI in Frameworks */ = {isa = PBXBuildFile; productRef = 3B1EB42D2C4539BD001A0F0A /* GoogleGenerativeAI */; };
		3B37926C2C467B8E00375767 /* AppDIContainer.swift in Sources */ = {isa = PBXBuildFile; fileRef = 3B37926B2C467B8E00375767 /* AppDIContainer.swift */; };
		3B37926E2C467BA300375767 /* AppConfigurations.swift in Sources */ = {isa = PBXBuildFile; fileRef = 3B37926D2C467BA300375767 /* AppConfigurations.swift */; };
		3B3792722C467F6600375767 /* DriveModeSceneDIContainer.swift in Sources */ = {isa = PBXBuildFile; fileRef = 3B3792712C467F6600375767 /* DriveModeSceneDIContainer.swift */; };
		3B3792742C467FB500375767 /* DriveModeFlowCoordinator.swift in Sources */ = {isa = PBXBuildFile; fileRef = 3B3792732C467FB500375767 /* DriveModeFlowCoordinator.swift */; };
		3B3792792C4681C100375767 /* DriveModeViewModel.swift in Sources */ = {isa = PBXBuildFile; fileRef = 3B3792782C4681C100375767 /* DriveModeViewModel.swift */; };
		3B37927C2C46884B00375767 /* CameraManger.swift in Sources */ = {isa = PBXBuildFile; fileRef = 3B37927B2C46884B00375767 /* CameraManger.swift */; };
		3B37927F2C468E4200375767 /* AppFlowCoordinator.swift in Sources */ = {isa = PBXBuildFile; fileRef = 3B37927E2C468E4200375767 /* AppFlowCoordinator.swift */; };
		3B3792812C469DFD00375767 /* GeminiWebRepository.swift in Sources */ = {isa = PBXBuildFile; fileRef = 3B3792802C469DFD00375767 /* GeminiWebRepository.swift */; };
		3B482DD12C4FC93A00D435ED /* DriveModeCameraPreviewViewController.swift in Sources */ = {isa = PBXBuildFile; fileRef = 3B482DD02C4FC93A00D435ED /* DriveModeCameraPreviewViewController.swift */; };
		3BBFE89B2C3D0DCF00193B70 /* AppDelegate.swift in Sources */ = {isa = PBXBuildFile; fileRef = 3BBFE89A2C3D0DCF00193B70 /* AppDelegate.swift */; };
		3BBFE89D2C3D0DCF00193B70 /* SceneDelegate.swift in Sources */ = {isa = PBXBuildFile; fileRef = 3BBFE89C2C3D0DCF00193B70 /* SceneDelegate.swift */; };
		3BBFE89F2C3D0DCF00193B70 /* DriveModeViewController.swift in Sources */ = {isa = PBXBuildFile; fileRef = 3BBFE89E2C3D0DCF00193B70 /* DriveModeViewController.swift */; };
		3BBFE8A42C3D0DD200193B70 /* Assets.xcassets in Resources */ = {isa = PBXBuildFile; fileRef = 3BBFE8A32C3D0DD200193B70 /* Assets.xcassets */; };
		3BBFE8A72C3D0DD200193B70 /* Base in Resources */ = {isa = PBXBuildFile; fileRef = 3BBFE8A62C3D0DD200193B70 /* Base */; };
		3BE1CBCB2C47FA22003E7C62 /* UIView+.swift in Sources */ = {isa = PBXBuildFile; fileRef = 3BE1CBCA2C47FA22003E7C62 /* UIView+.swift */; };
		3BE1CBD02C48F84A003E7C62 /* GeminiAPIConfig.swift in Sources */ = {isa = PBXBuildFile; fileRef = 3BE1CBCF2C48F84A003E7C62 /* GeminiAPIConfig.swift */; };
		3BE1CBD42C490D50003E7C62 /* FetchGuideUseCase.swift in Sources */ = {isa = PBXBuildFile; fileRef = 3BE1CBD32C490D50003E7C62 /* FetchGuideUseCase.swift */; };
		3BE77B062C51309E003FED2D /* SnapKit in Frameworks */ = {isa = PBXBuildFile; productRef = 3BE77B052C51309E003FED2D /* SnapKit */; };
		960BE5A32C492E330060DD72 /* Lottie in Frameworks */ = {isa = PBXBuildFile; productRef = 960BE5A22C492E330060DD72 /* Lottie */; };
		96BD02562C49449500CBEE58 /* RecognitionProgressView.swift in Sources */ = {isa = PBXBuildFile; fileRef = 96BD02552C49449500CBEE58 /* RecognitionProgressView.swift */; };
		96BD02582C49458300CBEE58 /* CommonCustomLabel.swift in Sources */ = {isa = PBXBuildFile; fileRef = 96BD02572C49458300CBEE58 /* CommonCustomLabel.swift */; };
		96BD025A2C4945A100CBEE58 /* CommonCustomButton.swift in Sources */ = {isa = PBXBuildFile; fileRef = 96BD02592C4945A100CBEE58 /* CommonCustomButton.swift */; };
/* End PBXBuildFile section */

/* Begin PBXCopyFilesBuildPhase section */
		3BE77B0A2C51309E003FED2D /* Embed Frameworks */ = {
			isa = PBXCopyFilesBuildPhase;
			buildActionMask = 2147483647;
			dstPath = "";
			dstSubfolderSpec = 10;
			files = (
			);
			name = "Embed Frameworks";
			runOnlyForDeploymentPostprocessing = 0;
		};
/* End PBXCopyFilesBuildPhase section */

/* Begin PBXFileReference section */
		1221012790DFD4E6C7734FF0 /* Pods-LuminaView.release.xcconfig */ = {isa = PBXFileReference; includeInIndex = 1; lastKnownFileType = text.xcconfig; name = "Pods-LuminaView.release.xcconfig"; path = "Target Support Files/Pods-LuminaView/Pods-LuminaView.release.xcconfig"; sourceTree = "<group>"; };
		3B1A49C82C5CD501000E21B0 /* Localizable.xcstrings */ = {isa = PBXFileReference; lastKnownFileType = text.json.xcstrings; path = Localizable.xcstrings; sourceTree = "<group>"; };
		3B37926B2C467B8E00375767 /* AppDIContainer.swift */ = {isa = PBXFileReference; lastKnownFileType = sourcecode.swift; path = AppDIContainer.swift; sourceTree = "<group>"; };
		3B37926D2C467BA300375767 /* AppConfigurations.swift */ = {isa = PBXFileReference; lastKnownFileType = sourcecode.swift; path = AppConfigurations.swift; sourceTree = "<group>"; };
		3B37926F2C467BC900375767 /* DevConfig.xcconfig */ = {isa = PBXFileReference; lastKnownFileType = text.xcconfig; path = DevConfig.xcconfig; sourceTree = "<group>"; };
		3B3792712C467F6600375767 /* DriveModeSceneDIContainer.swift */ = {isa = PBXFileReference; lastKnownFileType = sourcecode.swift; path = DriveModeSceneDIContainer.swift; sourceTree = "<group>"; };
		3B3792732C467FB500375767 /* DriveModeFlowCoordinator.swift */ = {isa = PBXFileReference; lastKnownFileType = sourcecode.swift; path = DriveModeFlowCoordinator.swift; sourceTree = "<group>"; };
		3B3792782C4681C100375767 /* DriveModeViewModel.swift */ = {isa = PBXFileReference; lastKnownFileType = sourcecode.swift; path = DriveModeViewModel.swift; sourceTree = "<group>"; };
		3B37927B2C46884B00375767 /* CameraManger.swift */ = {isa = PBXFileReference; lastKnownFileType = sourcecode.swift; path = CameraManger.swift; sourceTree = "<group>"; };
		3B37927E2C468E4200375767 /* AppFlowCoordinator.swift */ = {isa = PBXFileReference; lastKnownFileType = sourcecode.swift; path = AppFlowCoordinator.swift; sourceTree = "<group>"; };
		3B3792802C469DFD00375767 /* GeminiWebRepository.swift */ = {isa = PBXFileReference; lastKnownFileType = sourcecode.swift; name = GeminiWebRepository.swift; path = Repositories/GeminiWebRepository.swift; sourceTree = SOURCE_ROOT; };
		3B482DD02C4FC93A00D435ED /* DriveModeCameraPreviewViewController.swift */ = {isa = PBXFileReference; lastKnownFileType = sourcecode.swift; path = DriveModeCameraPreviewViewController.swift; sourceTree = "<group>"; };
		3BBFE8972C3D0DCF00193B70 /* LuminaView.app */ = {isa = PBXFileReference; explicitFileType = wrapper.application; includeInIndex = 0; path = LuminaView.app; sourceTree = BUILT_PRODUCTS_DIR; };
		3BBFE89A2C3D0DCF00193B70 /* AppDelegate.swift */ = {isa = PBXFileReference; lastKnownFileType = sourcecode.swift; path = AppDelegate.swift; sourceTree = "<group>"; };
		3BBFE89C2C3D0DCF00193B70 /* SceneDelegate.swift */ = {isa = PBXFileReference; lastKnownFileType = sourcecode.swift; path = SceneDelegate.swift; sourceTree = "<group>"; };
		3BBFE89E2C3D0DCF00193B70 /* DriveModeViewController.swift */ = {isa = PBXFileReference; lastKnownFileType = sourcecode.swift; path = DriveModeViewController.swift; sourceTree = "<group>"; };
		3BBFE8A32C3D0DD200193B70 /* Assets.xcassets */ = {isa = PBXFileReference; lastKnownFileType = folder.assetcatalog; path = Assets.xcassets; sourceTree = "<group>"; };
		3BBFE8A62C3D0DD200193B70 /* Base */ = {isa = PBXFileReference; lastKnownFileType = file.storyboard; name = Base; path = Base.lproj/LaunchScreen.storyboard; sourceTree = "<group>"; };
		3BBFE8A82C3D0DD200193B70 /* Info.plist */ = {isa = PBXFileReference; lastKnownFileType = text.plist.xml; path = Info.plist; sourceTree = "<group>"; };
		3BE1CBCA2C47FA22003E7C62 /* UIView+.swift */ = {isa = PBXFileReference; lastKnownFileType = sourcecode.swift; path = "UIView+.swift"; sourceTree = "<group>"; };
		3BE1CBCF2C48F84A003E7C62 /* GeminiAPIConfig.swift */ = {isa = PBXFileReference; lastKnownFileType = sourcecode.swift; path = GeminiAPIConfig.swift; sourceTree = "<group>"; };
		3BE1CBD32C490D50003E7C62 /* FetchGuideUseCase.swift */ = {isa = PBXFileReference; lastKnownFileType = sourcecode.swift; path = FetchGuideUseCase.swift; sourceTree = "<group>"; };
		96BD02552C49449500CBEE58 /* RecognitionProgressView.swift */ = {isa = PBXFileReference; lastKnownFileType = sourcecode.swift; path = RecognitionProgressView.swift; sourceTree = "<group>"; };
		96BD02572C49458300CBEE58 /* CommonCustomLabel.swift */ = {isa = PBXFileReference; lastKnownFileType = sourcecode.swift; path = CommonCustomLabel.swift; sourceTree = "<group>"; };
		96BD02592C4945A100CBEE58 /* CommonCustomButton.swift */ = {isa = PBXFileReference; lastKnownFileType = sourcecode.swift; path = CommonCustomButton.swift; sourceTree = "<group>"; };
		9AA3194F4A8B068078E546D6 /* Pods_LuminaView.framework */ = {isa = PBXFileReference; explicitFileType = wrapper.framework; includeInIndex = 0; path = Pods_LuminaView.framework; sourceTree = BUILT_PRODUCTS_DIR; };
		EDEE937B43E69CA1977B2AE1 /* Pods-LuminaView.debug.xcconfig */ = {isa = PBXFileReference; includeInIndex = 1; lastKnownFileType = text.xcconfig; name = "Pods-LuminaView.debug.xcconfig"; path = "Target Support Files/Pods-LuminaView/Pods-LuminaView.debug.xcconfig"; sourceTree = "<group>"; };
/* End PBXFileReference section */

/* Begin PBXFrameworksBuildPhase section */
		3BBFE8942C3D0DCF00193B70 /* Frameworks */ = {
			isa = PBXFrameworksBuildPhase;
			buildActionMask = 2147483647;
			files = (
				960BE5A32C492E330060DD72 /* Lottie in Frameworks */,
				3B1EB42B2C4532C2001A0F0A /* RxSwift in Frameworks */,
				3B1EB4292C4532C2001A0F0A /* RxCocoa in Frameworks */,
				3BE77B062C51309E003FED2D /* SnapKit in Frameworks */,
				2072837A151FD05FD8409099 /* Pods_LuminaView.framework in Frameworks */,
				3B1EB42E2C4539BD001A0F0A /* GoogleGenerativeAI in Frameworks */,
			);
			runOnlyForDeploymentPostprocessing = 0;
		};
/* End PBXFrameworksBuildPhase section */

/* Begin PBXGroup section */
		1B4A1645B99FE1990A02073C /* Pods */ = {
			isa = PBXGroup;
			children = (
				EDEE937B43E69CA1977B2AE1 /* Pods-LuminaView.debug.xcconfig */,
				1221012790DFD4E6C7734FF0 /* Pods-LuminaView.release.xcconfig */,
			);
			path = Pods;
			sourceTree = "<group>";
		};
		20B503AD9D23E1C2262A9D0C /* Frameworks */ = {
			isa = PBXGroup;
			children = (
				9AA3194F4A8B068078E546D6 /* Pods_LuminaView.framework */,
			);
			name = Frameworks;
			sourceTree = "<group>";
		};
		3B3792702C467F2500375767 /* DIContainer */ = {
			isa = PBXGroup;
			children = (
				3B37926B2C467B8E00375767 /* AppDIContainer.swift */,
				3B3792712C467F6600375767 /* DriveModeSceneDIContainer.swift */,
			);
			path = DIContainer;
			sourceTree = "<group>";
		};
		3B3792752C467FBA00375767 /* Flow */ = {
			isa = PBXGroup;
			children = (
				3B3792732C467FB500375767 /* DriveModeFlowCoordinator.swift */,
			);
			path = Flow;
			sourceTree = "<group>";
		};
		3B3792762C46819A00375767 /* Views */ = {
			isa = PBXGroup;
			children = (
				3BBFE89E2C3D0DCF00193B70 /* DriveModeViewController.swift */,
				3B482DD02C4FC93A00D435ED /* DriveModeCameraPreviewViewController.swift */,
			);
			path = Views;
			sourceTree = "<group>";
		};
		3B3792772C4681A100375767 /* DriveModeScene */ = {
			isa = PBXGroup;
			children = (
				3B37927A2C4681C500375767 /* ViewModel */,
				3B3792762C46819A00375767 /* Views */,
			);
			path = DriveModeScene;
			sourceTree = "<group>";
		};
		3B37927A2C4681C500375767 /* ViewModel */ = {
			isa = PBXGroup;
			children = (
				3B3792782C4681C100375767 /* DriveModeViewModel.swift */,
			);
			path = ViewModel;
			sourceTree = "<group>";
		};
		3B37927D2C46885100375767 /* Utilities */ = {
			isa = PBXGroup;
			children = (
				96BD02552C49449500CBEE58 /* RecognitionProgressView.swift */,
				3BE1CBCC2C47FB16003E7C62 /* Extensions */,
				3B37927B2C46884B00375767 /* CameraManger.swift */,
			);
			path = Utilities;
			sourceTree = "<group>";
		};
		3BBFE88E2C3D0DCF00193B70 = {
			isa = PBXGroup;
			children = (
				3BBFE8992C3D0DCF00193B70 /* LuminaView */,
				3BBFE8982C3D0DCF00193B70 /* Products */,
				1B4A1645B99FE1990A02073C /* Pods */,
				20B503AD9D23E1C2262A9D0C /* Frameworks */,
			);
			sourceTree = "<group>";
		};
		3BBFE8982C3D0DCF00193B70 /* Products */ = {
			isa = PBXGroup;
			children = (
				3BBFE8972C3D0DCF00193B70 /* LuminaView.app */,
			);
			name = Products;
			sourceTree = "<group>";
		};
		3BBFE8992C3D0DCF00193B70 /* LuminaView */ = {
			isa = PBXGroup;
			children = (
				3B37927D2C46885100375767 /* Utilities */,
				96586BEA2C3D1A82007039FB /* Resources */,
				96586BE52C3D1A37007039FB /* Data */,
				96586BE22C3D1A15007039FB /* Domain */,
				96586BDF2C3D19F8007039FB /* Presentation */,
				96586BDE2C3D19EB007039FB /* App */,
				96BD02572C49458300CBEE58 /* CommonCustomLabel.swift */,
				96BD02592C4945A100CBEE58 /* CommonCustomButton.swift */,
			);
			path = LuminaView;
			sourceTree = "<group>";
		};
		3BE1CBCC2C47FB16003E7C62 /* Extensions */ = {
			isa = PBXGroup;
			children = (
				3BE1CBCA2C47FA22003E7C62 /* UIView+.swift */,
			);
			path = Extensions;
			sourceTree = "<group>";
		};
		96586BDE2C3D19EB007039FB /* App */ = {
			isa = PBXGroup;
			children = (
				3B3792702C467F2500375767 /* DIContainer */,
				3BBFE89A2C3D0DCF00193B70 /* AppDelegate.swift */,
				3B37926D2C467BA300375767 /* AppConfigurations.swift */,
				3B37927E2C468E4200375767 /* AppFlowCoordinator.swift */,
				3BBFE89C2C3D0DCF00193B70 /* SceneDelegate.swift */,
			);
			path = App;
			sourceTree = "<group>";
		};
		96586BDF2C3D19F8007039FB /* Presentation */ = {
			isa = PBXGroup;
			children = (
				3B3792752C467FBA00375767 /* Flow */,
				3B3792772C4681A100375767 /* DriveModeScene */,
			);
			path = Presentation;
			sourceTree = "<group>";
		};
		96586BE22C3D1A15007039FB /* Domain */ = {
			isa = PBXGroup;
			children = (
				96586BE42C3D1A2B007039FB /* UseCase */,
				96586BE32C3D1A22007039FB /* Entities */,
			);
			path = Domain;
			sourceTree = "<group>";
		};
		96586BE32C3D1A22007039FB /* Entities */ = {
			isa = PBXGroup;
			children = (
			);
			path = Entities;
			sourceTree = "<group>";
		};
		96586BE42C3D1A2B007039FB /* UseCase */ = {
			isa = PBXGroup;
			children = (
				3BE1CBD32C490D50003E7C62 /* FetchGuideUseCase.swift */,
			);
			path = UseCase;
			sourceTree = "<group>";
		};
		96586BE52C3D1A37007039FB /* Data */ = {
			isa = PBXGroup;
			children = (
				96586BE72C3D1A49007039FB /* DataSources */,
				96586BE62C3D1A3F007039FB /* Repositories */,
			);
			path = Data;
			sourceTree = "<group>";
		};
		96586BE62C3D1A3F007039FB /* Repositories */ = {
			isa = PBXGroup;
			children = (
				3B3792802C469DFD00375767 /* GeminiWebRepository.swift */,
			);
			path = Repositories;
			sourceTree = "<group>";
		};
		96586BE72C3D1A49007039FB /* DataSources */ = {
			isa = PBXGroup;
			children = (
				96586BE92C3D1A5F007039FB /* Local */,
			);
			path = DataSources;
			sourceTree = "<group>";
		};
		96586BE82C3D1A59007039FB /* Remote */ = {
			isa = PBXGroup;
			children = (
			);
			path = Remote;
			sourceTree = "<group>";
		};
		96586BE92C3D1A5F007039FB /* Local */ = {
			isa = PBXGroup;
			children = (
				96586BE82C3D1A59007039FB /* Remote */,
			);
			path = Local;
			sourceTree = "<group>";
		};
		96586BEA2C3D1A82007039FB /* Resources */ = {
			isa = PBXGroup;
			children = (
				3BBFE8A52C3D0DD200193B70 /* LaunchScreen.storyboard */,
				3BBFE8A32C3D0DD200193B70 /* Assets.xcassets */,
				3B37926F2C467BC900375767 /* DevConfig.xcconfig */,
				3BBFE8A82C3D0DD200193B70 /* Info.plist */,
				3BE1CBCF2C48F84A003E7C62 /* GeminiAPIConfig.swift */,
				3B1A49C82C5CD501000E21B0 /* Localizable.xcstrings */,
			);
			path = Resources;
			sourceTree = "<group>";
		};
/* End PBXGroup section */

/* Begin PBXNativeTarget section */
		3BBFE8962C3D0DCF00193B70 /* LuminaView */ = {
			isa = PBXNativeTarget;
			buildConfigurationList = 3BBFE8AB2C3D0DD200193B70 /* Build configuration list for PBXNativeTarget "LuminaView" */;
			buildPhases = (
				2E1773360E71BFB11C2488AF /* [CP] Check Pods Manifest.lock */,
				3BBFE8932C3D0DCF00193B70 /* Sources */,
				3BBFE8942C3D0DCF00193B70 /* Frameworks */,
				3BBFE8952C3D0DCF00193B70 /* Resources */,
				6642B4DEF6825AFCEB75A345 /* [CP] Embed Pods Frameworks */,
				E5475081911B4B18630A3AC7 /* [CP] Copy Pods Resources */,
				3BE77B0A2C51309E003FED2D /* Embed Frameworks */,
			);
			buildRules = (
			);
			dependencies = (
			);
			name = LuminaView;
			packageProductDependencies = (
				3B1EB4282C4532C2001A0F0A /* RxCocoa */,
				3B1EB42A2C4532C2001A0F0A /* RxSwift */,
				3B1EB42D2C4539BD001A0F0A /* GoogleGenerativeAI */,
				960BE5A22C492E330060DD72 /* Lottie */,
				3BE77B052C51309E003FED2D /* SnapKit */,
			);
			productName = LuminaView;
			productReference = 3BBFE8972C3D0DCF00193B70 /* LuminaView.app */;
			productType = "com.apple.product-type.application";
		};
/* End PBXNativeTarget section */

/* Begin PBXProject section */
		3BBFE88F2C3D0DCF00193B70 /* Project object */ = {
			isa = PBXProject;
			attributes = {
				BuildIndependentTargetsInParallel = 1;
				LastSwiftUpdateCheck = 1540;
				LastUpgradeCheck = 1540;
				TargetAttributes = {
					3BBFE8962C3D0DCF00193B70 = {
						CreatedOnToolsVersion = 15.4;
					};
				};
			};
			buildConfigurationList = 3BBFE8922C3D0DCF00193B70 /* Build configuration list for PBXProject "LuminaView" */;
			compatibilityVersion = "Xcode 14.0";
			developmentRegion = en;
			hasScannedForEncodings = 0;
			knownRegions = (
				en,
				Base,
				ko,
			);
			mainGroup = 3BBFE88E2C3D0DCF00193B70;
			packageReferences = (
				3B1EB4272C4532C2001A0F0A /* XCRemoteSwiftPackageReference "RxSwift" */,
				3B1EB42C2C4539BD001A0F0A /* XCRemoteSwiftPackageReference "generative-ai-swift" */,
				960BE5A12C492E330060DD72 /* XCRemoteSwiftPackageReference "lottie-spm" */,
				96B0BCC92C4E8C6500BE4552 /* XCRemoteSwiftPackageReference "SnapKit" */,
			);
			productRefGroup = 3BBFE8982C3D0DCF00193B70 /* Products */;
			projectDirPath = "";
			projectRoot = "";
			targets = (
				3BBFE8962C3D0DCF00193B70 /* LuminaView */,
			);
		};
/* End PBXProject section */

/* Begin PBXResourcesBuildPhase section */
		3BBFE8952C3D0DCF00193B70 /* Resources */ = {
			isa = PBXResourcesBuildPhase;
			buildActionMask = 2147483647;
			files = (
				3BBFE8A42C3D0DD200193B70 /* Assets.xcassets in Resources */,
				3B1A49C92C5CD501000E21B0 /* Localizable.xcstrings in Resources */,
				3BBFE8A72C3D0DD200193B70 /* Base in Resources */,
			);
			runOnlyForDeploymentPostprocessing = 0;
		};
/* End PBXResourcesBuildPhase section */

/* Begin PBXShellScriptBuildPhase section */
		2E1773360E71BFB11C2488AF /* [CP] Check Pods Manifest.lock */ = {
			isa = PBXShellScriptBuildPhase;
			buildActionMask = 2147483647;
			files = (
			);
			inputFileListPaths = (
			);
			inputPaths = (
				"${PODS_PODFILE_DIR_PATH}/Podfile.lock",
				"${PODS_ROOT}/Manifest.lock",
			);
			name = "[CP] Check Pods Manifest.lock";
			outputFileListPaths = (
			);
			outputPaths = (
				"$(DERIVED_FILE_DIR)/Pods-LuminaView-checkManifestLockResult.txt",
			);
			runOnlyForDeploymentPostprocessing = 0;
			shellPath = /bin/sh;
			shellScript = "diff \"${PODS_PODFILE_DIR_PATH}/Podfile.lock\" \"${PODS_ROOT}/Manifest.lock\" > /dev/null\nif [ $? != 0 ] ; then\n    # print error to STDERR\n    echo \"error: The sandbox is not in sync with the Podfile.lock. Run 'pod install' or update your CocoaPods installation.\" >&2\n    exit 1\nfi\n# This output is used by Xcode 'outputs' to avoid re-running this script phase.\necho \"SUCCESS\" > \"${SCRIPT_OUTPUT_FILE_0}\"\n";
			showEnvVarsInLog = 0;
		};
		6642B4DEF6825AFCEB75A345 /* [CP] Embed Pods Frameworks */ = {
			isa = PBXShellScriptBuildPhase;
			buildActionMask = 2147483647;
			files = (
			);
			inputFileListPaths = (
				"${PODS_ROOT}/Target Support Files/Pods-LuminaView/Pods-LuminaView-frameworks-${CONFIGURATION}-input-files.xcfilelist",
			);
			name = "[CP] Embed Pods Frameworks";
			outputFileListPaths = (
				"${PODS_ROOT}/Target Support Files/Pods-LuminaView/Pods-LuminaView-frameworks-${CONFIGURATION}-output-files.xcfilelist",
			);
			runOnlyForDeploymentPostprocessing = 0;
			shellPath = /bin/sh;
			shellScript = "\"${PODS_ROOT}/Target Support Files/Pods-LuminaView/Pods-LuminaView-frameworks.sh\"\n";
			showEnvVarsInLog = 0;
		};
		E5475081911B4B18630A3AC7 /* [CP] Copy Pods Resources */ = {
			isa = PBXShellScriptBuildPhase;
			buildActionMask = 2147483647;
			files = (
			);
			inputFileListPaths = (
				"${PODS_ROOT}/Target Support Files/Pods-LuminaView/Pods-LuminaView-resources-${CONFIGURATION}-input-files.xcfilelist",
			);
			name = "[CP] Copy Pods Resources";
			outputFileListPaths = (
				"${PODS_ROOT}/Target Support Files/Pods-LuminaView/Pods-LuminaView-resources-${CONFIGURATION}-output-files.xcfilelist",
			);
			runOnlyForDeploymentPostprocessing = 0;
			shellPath = /bin/sh;
			shellScript = "\"${PODS_ROOT}/Target Support Files/Pods-LuminaView/Pods-LuminaView-resources.sh\"\n";
			showEnvVarsInLog = 0;
		};
/* End PBXShellScriptBuildPhase section */

/* Begin PBXSourcesBuildPhase section */
		3BBFE8932C3D0DCF00193B70 /* Sources */ = {
			isa = PBXSourcesBuildPhase;
			buildActionMask = 2147483647;
			files = (
				3BE1CBCB2C47FA22003E7C62 /* UIView+.swift in Sources */,
				3BE1CBD02C48F84A003E7C62 /* GeminiAPIConfig.swift in Sources */,
				3B37926E2C467BA300375767 /* AppConfigurations.swift in Sources */,
				3B37927C2C46884B00375767 /* CameraManger.swift in Sources */,
				3B37927F2C468E4200375767 /* AppFlowCoordinator.swift in Sources */,
				3B37926C2C467B8E00375767 /* AppDIContainer.swift in Sources */,
				3B482DD12C4FC93A00D435ED /* DriveModeCameraPreviewViewController.swift in Sources */,
				3B3792812C469DFD00375767 /* GeminiWebRepository.swift in Sources */,
				3BBFE89F2C3D0DCF00193B70 /* DriveModeViewController.swift in Sources */,
				3B3792742C467FB500375767 /* DriveModeFlowCoordinator.swift in Sources */,
				3BE1CBD42C490D50003E7C62 /* FetchGuideUseCase.swift in Sources */,
				3B3792722C467F6600375767 /* DriveModeSceneDIContainer.swift in Sources */,
				3BBFE89B2C3D0DCF00193B70 /* AppDelegate.swift in Sources */,
				3B3792792C4681C100375767 /* DriveModeViewModel.swift in Sources */,
				96BD025A2C4945A100CBEE58 /* CommonCustomButton.swift in Sources */,
				96BD02562C49449500CBEE58 /* RecognitionProgressView.swift in Sources */,
				96BD02582C49458300CBEE58 /* CommonCustomLabel.swift in Sources */,
				3BBFE89D2C3D0DCF00193B70 /* SceneDelegate.swift in Sources */,
			);
			runOnlyForDeploymentPostprocessing = 0;
		};
/* End PBXSourcesBuildPhase section */

/* Begin PBXVariantGroup section */
		3BBFE8A52C3D0DD200193B70 /* LaunchScreen.storyboard */ = {
			isa = PBXVariantGroup;
			children = (
				3BBFE8A62C3D0DD200193B70 /* Base */,
			);
			name = LaunchScreen.storyboard;
			sourceTree = "<group>";
		};
/* End PBXVariantGroup section */

/* Begin XCBuildConfiguration section */
		3BBFE8A92C3D0DD200193B70 /* Debug */ = {
			isa = XCBuildConfiguration;
			baseConfigurationReference = 3B37926F2C467BC900375767 /* DevConfig.xcconfig */;
			buildSettings = {
				ALWAYS_SEARCH_USER_PATHS = NO;
				ASSETCATALOG_COMPILER_GENERATE_SWIFT_ASSET_SYMBOL_EXTENSIONS = YES;
				CLANG_ANALYZER_LOCALIZABILITY_NONLOCALIZED = YES;
				CLANG_ANALYZER_NONNULL = YES;
				CLANG_ANALYZER_NUMBER_OBJECT_CONVERSION = YES_AGGRESSIVE;
				CLANG_CXX_LANGUAGE_STANDARD = "gnu++20";
				CLANG_ENABLE_MODULES = YES;
				CLANG_ENABLE_OBJC_ARC = YES;
				CLANG_ENABLE_OBJC_WEAK = YES;
				CLANG_WARN_BLOCK_CAPTURE_AUTORELEASING = YES;
				CLANG_WARN_BOOL_CONVERSION = YES;
				CLANG_WARN_COMMA = YES;
				CLANG_WARN_CONSTANT_CONVERSION = YES;
				CLANG_WARN_DEPRECATED_OBJC_IMPLEMENTATIONS = YES;
				CLANG_WARN_DIRECT_OBJC_ISA_USAGE = YES_ERROR;
				CLANG_WARN_DOCUMENTATION_COMMENTS = YES;
				CLANG_WARN_EMPTY_BODY = YES;
				CLANG_WARN_ENUM_CONVERSION = YES;
				CLANG_WARN_INFINITE_RECURSION = YES;
				CLANG_WARN_INT_CONVERSION = YES;
				CLANG_WARN_NON_LITERAL_NULL_CONVERSION = YES;
				CLANG_WARN_OBJC_IMPLICIT_RETAIN_SELF = YES;
				CLANG_WARN_OBJC_LITERAL_CONVERSION = YES;
				CLANG_WARN_OBJC_ROOT_CLASS = YES_ERROR;
				CLANG_WARN_QUOTED_INCLUDE_IN_FRAMEWORK_HEADER = YES;
				CLANG_WARN_RANGE_LOOP_ANALYSIS = YES;
				CLANG_WARN_STRICT_PROTOTYPES = YES;
				CLANG_WARN_SUSPICIOUS_MOVE = YES;
				CLANG_WARN_UNGUARDED_AVAILABILITY = YES_AGGRESSIVE;
				CLANG_WARN_UNREACHABLE_CODE = YES;
				CLANG_WARN__DUPLICATE_METHOD_MATCH = YES;
				COPY_PHASE_STRIP = NO;
				DEBUG_INFORMATION_FORMAT = dwarf;
				ENABLE_STRICT_OBJC_MSGSEND = YES;
				ENABLE_TESTABILITY = YES;
				ENABLE_USER_SCRIPT_SANDBOXING = YES;
				EXCLUDED_ARCHS = "";
				"EXCLUDED_ARCHS[sdk=iphonesimulator*]" = arm64;
				GCC_C_LANGUAGE_STANDARD = gnu17;
				GCC_DYNAMIC_NO_PIC = NO;
				GCC_NO_COMMON_BLOCKS = YES;
				GCC_OPTIMIZATION_LEVEL = 0;
				GCC_PREPROCESSOR_DEFINITIONS = (
					"DEBUG=1",
					"$(inherited)",
				);
				GCC_WARN_64_TO_32_BIT_CONVERSION = YES;
				GCC_WARN_ABOUT_RETURN_TYPE = YES_ERROR;
				GCC_WARN_UNDECLARED_SELECTOR = YES;
				GCC_WARN_UNINITIALIZED_AUTOS = YES_AGGRESSIVE;
				GCC_WARN_UNUSED_FUNCTION = YES;
				GCC_WARN_UNUSED_VARIABLE = YES;
				IPHONEOS_DEPLOYMENT_TARGET = 16.1;
				LOCALIZATION_PREFERS_STRING_CATALOGS = YES;
				MTL_ENABLE_DEBUG_INFO = INCLUDE_SOURCE;
				MTL_FAST_MATH = YES;
				ONLY_ACTIVE_ARCH = YES;
				SDKROOT = iphoneos;
				SWIFT_ACTIVE_COMPILATION_CONDITIONS = "DEBUG $(inherited)";
				SWIFT_OPTIMIZATION_LEVEL = "-Onone";
			};
			name = Debug;
		};
		3BBFE8AA2C3D0DD200193B70 /* Release */ = {
			isa = XCBuildConfiguration;
			buildSettings = {
				ALWAYS_SEARCH_USER_PATHS = NO;
				ASSETCATALOG_COMPILER_GENERATE_SWIFT_ASSET_SYMBOL_EXTENSIONS = YES;
				CLANG_ANALYZER_LOCALIZABILITY_NONLOCALIZED = YES;
				CLANG_ANALYZER_NONNULL = YES;
				CLANG_ANALYZER_NUMBER_OBJECT_CONVERSION = YES_AGGRESSIVE;
				CLANG_CXX_LANGUAGE_STANDARD = "gnu++20";
				CLANG_ENABLE_MODULES = YES;
				CLANG_ENABLE_OBJC_ARC = YES;
				CLANG_ENABLE_OBJC_WEAK = YES;
				CLANG_WARN_BLOCK_CAPTURE_AUTORELEASING = YES;
				CLANG_WARN_BOOL_CONVERSION = YES;
				CLANG_WARN_COMMA = YES;
				CLANG_WARN_CONSTANT_CONVERSION = YES;
				CLANG_WARN_DEPRECATED_OBJC_IMPLEMENTATIONS = YES;
				CLANG_WARN_DIRECT_OBJC_ISA_USAGE = YES_ERROR;
				CLANG_WARN_DOCUMENTATION_COMMENTS = YES;
				CLANG_WARN_EMPTY_BODY = YES;
				CLANG_WARN_ENUM_CONVERSION = YES;
				CLANG_WARN_INFINITE_RECURSION = YES;
				CLANG_WARN_INT_CONVERSION = YES;
				CLANG_WARN_NON_LITERAL_NULL_CONVERSION = YES;
				CLANG_WARN_OBJC_IMPLICIT_RETAIN_SELF = YES;
				CLANG_WARN_OBJC_LITERAL_CONVERSION = YES;
				CLANG_WARN_OBJC_ROOT_CLASS = YES_ERROR;
				CLANG_WARN_QUOTED_INCLUDE_IN_FRAMEWORK_HEADER = YES;
				CLANG_WARN_RANGE_LOOP_ANALYSIS = YES;
				CLANG_WARN_STRICT_PROTOTYPES = YES;
				CLANG_WARN_SUSPICIOUS_MOVE = YES;
				CLANG_WARN_UNGUARDED_AVAILABILITY = YES_AGGRESSIVE;
				CLANG_WARN_UNREACHABLE_CODE = YES;
				CLANG_WARN__DUPLICATE_METHOD_MATCH = YES;
				COPY_PHASE_STRIP = NO;
				DEBUG_INFORMATION_FORMAT = "dwarf-with-dsym";
				ENABLE_NS_ASSERTIONS = NO;
				ENABLE_STRICT_OBJC_MSGSEND = YES;
				ENABLE_USER_SCRIPT_SANDBOXING = YES;
				EXCLUDED_ARCHS = "";
				"EXCLUDED_ARCHS[sdk=iphonesimulator*]" = arm64;
				GCC_C_LANGUAGE_STANDARD = gnu17;
				GCC_NO_COMMON_BLOCKS = YES;
				GCC_WARN_64_TO_32_BIT_CONVERSION = YES;
				GCC_WARN_ABOUT_RETURN_TYPE = YES_ERROR;
				GCC_WARN_UNDECLARED_SELECTOR = YES;
				GCC_WARN_UNINITIALIZED_AUTOS = YES_AGGRESSIVE;
				GCC_WARN_UNUSED_FUNCTION = YES;
				GCC_WARN_UNUSED_VARIABLE = YES;
				IPHONEOS_DEPLOYMENT_TARGET = 16.1;
				LOCALIZATION_PREFERS_STRING_CATALOGS = YES;
				MTL_ENABLE_DEBUG_INFO = NO;
				MTL_FAST_MATH = YES;
				ONLY_ACTIVE_ARCH = YES;
				SDKROOT = iphoneos;
				SWIFT_COMPILATION_MODE = wholemodule;
				VALIDATE_PRODUCT = YES;
			};
			name = Release;
		};
		3BBFE8AC2C3D0DD200193B70 /* Debug */ = {
			isa = XCBuildConfiguration;
			baseConfigurationReference = EDEE937B43E69CA1977B2AE1 /* Pods-LuminaView.debug.xcconfig */;
			buildSettings = {
				ASSETCATALOG_COMPILER_APPICON_NAME = AppIcon;
				ASSETCATALOG_COMPILER_GLOBAL_ACCENT_COLOR_NAME = AccentColor;
				CODE_SIGN_STYLE = Automatic;
				CURRENT_PROJECT_VERSION = 1;
				DEVELOPMENT_TEAM = M7F7863UPY;
				ENABLE_USER_SCRIPT_SANDBOXING = NO;
				GENERATE_INFOPLIST_FILE = YES;
				INFOPLIST_FILE = LuminaView/Resources/Info.plist;
				INFOPLIST_KEY_NSCameraUsageDescription = "To enable the app to recognize the user's situation, the camera settings need to be activated.";
				INFOPLIST_KEY_UIApplicationSupportsIndirectInputEvents = YES;
				INFOPLIST_KEY_UILaunchStoryboardName = LaunchScreen;
				INFOPLIST_KEY_UISupportedInterfaceOrientations_iPad = "UIInterfaceOrientationPortrait UIInterfaceOrientationPortraitUpsideDown UIInterfaceOrientationLandscapeLeft UIInterfaceOrientationLandscapeRight";
				INFOPLIST_KEY_UISupportedInterfaceOrientations_iPhone = "UIInterfaceOrientationPortrait UIInterfaceOrientationLandscapeLeft UIInterfaceOrientationLandscapeRight";
				IPHONEOS_DEPLOYMENT_TARGET = 16.1;
				LD_RUNPATH_SEARCH_PATHS = (
					"$(inherited)",
					"@executable_path/Frameworks",
				);
				MARKETING_VERSION = 1.0;
				PRODUCT_BUNDLE_IDENTIFIER = com.jjunbbang.LuminaView;
				PRODUCT_NAME = "$(TARGET_NAME)";
				SUPPORTED_PLATFORMS = "iphoneos iphonesimulator";
				SUPPORTS_MACCATALYST = NO;
				SUPPORTS_MAC_DESIGNED_FOR_IPHONE_IPAD = NO;
				SUPPORTS_XR_DESIGNED_FOR_IPHONE_IPAD = NO;
				SWIFT_EMIT_LOC_STRINGS = YES;
				SWIFT_VERSION = 5.0;
				TARGETED_DEVICE_FAMILY = 1;
			};
			name = Debug;
		};
		3BBFE8AD2C3D0DD200193B70 /* Release */ = {
			isa = XCBuildConfiguration;
			baseConfigurationReference = 1221012790DFD4E6C7734FF0 /* Pods-LuminaView.release.xcconfig */;
			buildSettings = {
				ASSETCATALOG_COMPILER_APPICON_NAME = AppIcon;
				ASSETCATALOG_COMPILER_GLOBAL_ACCENT_COLOR_NAME = AccentColor;
				CODE_SIGN_STYLE = Automatic;
				CURRENT_PROJECT_VERSION = 1;
				DEVELOPMENT_TEAM = 3Y6A97YBJQ;
				ENABLE_USER_SCRIPT_SANDBOXING = NO;
				GENERATE_INFOPLIST_FILE = YES;
				INFOPLIST_FILE = LuminaView/Resources/Info.plist;
				INFOPLIST_KEY_NSCameraUsageDescription = "To enable the app to recognize the user's situation, the camera settings need to be activated.";
				INFOPLIST_KEY_UIApplicationSupportsIndirectInputEvents = YES;
				INFOPLIST_KEY_UILaunchStoryboardName = LaunchScreen;
				INFOPLIST_KEY_UISupportedInterfaceOrientations_iPad = "UIInterfaceOrientationPortrait UIInterfaceOrientationPortraitUpsideDown UIInterfaceOrientationLandscapeLeft UIInterfaceOrientationLandscapeRight";
				INFOPLIST_KEY_UISupportedInterfaceOrientations_iPhone = "UIInterfaceOrientationPortrait UIInterfaceOrientationLandscapeLeft UIInterfaceOrientationLandscapeRight";
				IPHONEOS_DEPLOYMENT_TARGET = 16.1;
				LD_RUNPATH_SEARCH_PATHS = (
					"$(inherited)",
					"@executable_path/Frameworks",
				);
				MARKETING_VERSION = 1.0;
				PRODUCT_BUNDLE_IDENTIFIER = com.jjunbbang.LuminaView;
				PRODUCT_NAME = "$(TARGET_NAME)";
				SUPPORTED_PLATFORMS = "iphoneos iphonesimulator";
				SUPPORTS_MACCATALYST = NO;
				SUPPORTS_MAC_DESIGNED_FOR_IPHONE_IPAD = NO;
				SUPPORTS_XR_DESIGNED_FOR_IPHONE_IPAD = NO;
				SWIFT_EMIT_LOC_STRINGS = YES;
				SWIFT_VERSION = 5.0;
				TARGETED_DEVICE_FAMILY = 1;
			};
			name = Release;
		};
/* End XCBuildConfiguration section */

/* Begin XCConfigurationList section */
		3BBFE8922C3D0DCF00193B70 /* Build configuration list for PBXProject "LuminaView" */ = {
			isa = XCConfigurationList;
			buildConfigurations = (
				3BBFE8A92C3D0DD200193B70 /* Debug */,
				3BBFE8AA2C3D0DD200193B70 /* Release */,
			);
			defaultConfigurationIsVisible = 0;
			defaultConfigurationName = Release;
		};
		3BBFE8AB2C3D0DD200193B70 /* Build configuration list for PBXNativeTarget "LuminaView" */ = {
			isa = XCConfigurationList;
			buildConfigurations = (
				3BBFE8AC2C3D0DD200193B70 /* Debug */,
				3BBFE8AD2C3D0DD200193B70 /* Release */,
			);
			defaultConfigurationIsVisible = 0;
			defaultConfigurationName = Release;
		};
/* End XCConfigurationList section */

/* Begin XCRemoteSwiftPackageReference section */
		3B1EB4272C4532C2001A0F0A /* XCRemoteSwiftPackageReference "RxSwift" */ = {
			isa = XCRemoteSwiftPackageReference;
			repositoryURL = "https://github.com/ReactiveX/RxSwift.git";
			requirement = {
				kind = upToNextMajorVersion;
				minimumVersion = 6.7.1;
			};
		};
		3B1EB42C2C4539BD001A0F0A /* XCRemoteSwiftPackageReference "generative-ai-swift" */ = {
			isa = XCRemoteSwiftPackageReference;
			repositoryURL = "https://github.com/google/generative-ai-swift";
			requirement = {
				kind = upToNextMajorVersion;
				minimumVersion = 0.5.4;
			};
		};
		960BE5A12C492E330060DD72 /* XCRemoteSwiftPackageReference "lottie-spm" */ = {
			isa = XCRemoteSwiftPackageReference;
			repositoryURL = "https://github.com/airbnb/lottie-spm.git";
			requirement = {
				kind = upToNextMajorVersion;
				minimumVersion = 4.5.0;
			};
		};
		96B0BCC92C4E8C6500BE4552 /* XCRemoteSwiftPackageReference "SnapKit" */ = {
			isa = XCRemoteSwiftPackageReference;
			repositoryURL = "https://github.com/SnapKit/SnapKit.git";
			requirement = {
				kind = upToNextMajorVersion;
				minimumVersion = 5.7.1;
			};
		};
/* End XCRemoteSwiftPackageReference section */

/* Begin XCSwiftPackageProductDependency section */
		3B1EB4282C4532C2001A0F0A /* RxCocoa */ = {
			isa = XCSwiftPackageProductDependency;
			package = 3B1EB4272C4532C2001A0F0A /* XCRemoteSwiftPackageReference "RxSwift" */;
			productName = RxCocoa;
		};
		3B1EB42A2C4532C2001A0F0A /* RxSwift */ = {
			isa = XCSwiftPackageProductDependency;
			package = 3B1EB4272C4532C2001A0F0A /* XCRemoteSwiftPackageReference "RxSwift" */;
			productName = RxSwift;
		};
		3B1EB42D2C4539BD001A0F0A /* GoogleGenerativeAI */ = {
			isa = XCSwiftPackageProductDependency;
			package = 3B1EB42C2C4539BD001A0F0A /* XCRemoteSwiftPackageReference "generative-ai-swift" */;
			productName = GoogleGenerativeAI;
		};
		3BE77B052C51309E003FED2D /* SnapKit */ = {
			isa = XCSwiftPackageProductDependency;
			package = 96B0BCC92C4E8C6500BE4552 /* XCRemoteSwiftPackageReference "SnapKit" */;
			productName = SnapKit;
		};
		960BE5A22C492E330060DD72 /* Lottie */ = {
			isa = XCSwiftPackageProductDependency;
			package = 960BE5A12C492E330060DD72 /* XCRemoteSwiftPackageReference "lottie-spm" */;
			productName = Lottie;
		};
/* End XCSwiftPackageProductDependency section */
	};
	rootObject = 3BBFE88F2C3D0DCF00193B70 /* Project object */;
}
